
Microsoft Visual Studio Solution File, Format Version 12.00
# Visual Studio 2013
VisualStudioVersion = 12.0.40629.0
MinimumVisualStudioVersion = 10.0.40219.1
Project("{FAE04EC0-301F-11D3-BF4B-00C04F79EFBC}") = "TuitionCentre.BL", "TuitionCentre.BL\TuitionCentre.BL.csproj", "{804AE3C0-2224-4F47-BA3A-4E1407F43ACE}"
EndProject
Project("{2150E333-8FDC-42A3-9474-1A3956D46DE8}") = "Tests", "Tests", "{2E9692D6-65C8-41E0-9BD3-6DE852C758EE}"
EndProject
Project("{FAE04EC0-301F-11D3-BF4B-00C04F79EFBC}") = "Tuition.BLTest", "Tuition.BLTest\Tuition.BLTest.csproj", "{A1956B45-FFC1-40A4-9C08-0D95ECCF9DEE}"
EndProject
Global
	GlobalSection(SolutionConfigurationPlatforms) = preSolution
		Debug|Any CPU = Debug|Any CPU
		Release|Any CPU = Release|Any CPU
	EndGlobalSection
	GlobalSection(ProjectConfigurationPlatforms) = postSolution
		{804AE3C0-2224-4F47-BA3A-4E1407F43ACE}.Debug|Any CPU.ActiveCfg = Debug|Any CPU
		{804AE3C0-2224-4F47-BA3A-4E1407F43ACE}.Debug|Any CPU.Build.0 = Debug|Any CPU
		{804AE3C0-2224-4F47-BA3A-4E1407F43ACE}.Release|Any CPU.ActiveCfg = Release|Any CPU
		{804AE3C0-2224-4F47-BA3A-4E1407F43ACE}.Release|Any CPU.Build.0 = Release|Any CPU
		{A1956B45-FFC1-40A4-9C08-0D95ECCF9DEE}.Debug|Any CPU.ActiveCfg = Debug|Any CPU
		{A1956B45-FFC1-40A4-9C08-0D95ECCF9DEE}.Debug|Any CPU.Build.0 = Debug|Any CPU
		{A1956B45-FFC1-40A4-9C08-0D95ECCF9DEE}.Release|Any CPU.ActiveCfg = Release|Any CPU
		{A1956B45-FFC1-40A4-9C08-0D95ECCF9DEE}.Release|Any CPU.Build.0 = Release|Any CPU
	EndGlobalSection
	GlobalSection(SolutionProperties) = preSolution
		HideSolutionNode = FALSE
	EndGlobalSection
	GlobalSection(NestedProjects) = preSolution
		{A1956B45-FFC1-40A4-9C08-0D95ECCF9DEE} = {2E9692D6-65C8-41E0-9BD3-6DE852C758EE}
	EndGlobalSection
EndGlobal
